
Microsoft Visual Studio Solution File, Format Version 12.00
# Visual Studio 15
VisualStudioVersion = 15.0.28307.136
MinimumVisualStudioVersion = 10.0.40219.1
Project("{FAE04EC0-301F-11D3-BF4B-00C04F79EFBC}") = "CursoCsharp", "CursoCsharp\CursoCsharp.csproj", "{AC39C9D0-3621-48BA-A617-50FDDF52116D}"
EndProject
Project("{FAE04EC0-301F-11D3-BF4B-00C04F79EFBC}") = "Variaveis", "Variaveis\Variaveis.csproj", "{06477905-C72C-4BF6-BA6A-25AAC429E99D}"
EndProject
Project("{FAE04EC0-301F-11D3-BF4B-00C04F79EFBC}") = "Conversoes", "Conversoes\Conversoes.csproj", "{2FE5A5C2-7AA9-42BE-8FFD-58AF67219BA5}"
EndProject
Project("{FAE04EC0-301F-11D3-BF4B-00C04F79EFBC}") = "BoxingUnboxing", "BoxingUnboxing\BoxingUnboxing.csproj", "{8C5605C3-1AE3-4CCD-A18D-EF463C2F8702}"
EndProject
Project("{FAE04EC0-301F-11D3-BF4B-00C04F79EFBC}") = "Vetores", "Vetores\Vetores.csproj", "{22FA7763-2E2D-4889-9027-EF7F7EEC34A4}"
EndProject
Project("{FAE04EC0-301F-11D3-BF4B-00C04F79EFBC}") = "Strings", "Strings\Strings.csproj", "{22116E5D-5C3A-4330-8B9F-E4A4B13D6312}"
EndProject
Project("{FAE04EC0-301F-11D3-BF4B-00C04F79EFBC}") = "Generics", "Generics\Generics.csproj", "{FE01756B-58E2-4530-B88A-899C3294BB20}"
EndProject
Project("{FAE04EC0-301F-11D3-BF4B-00C04F79EFBC}") = "ComandosIteracao", "ComandosIteracao\ComandosIteracao.csproj", "{25B87834-B363-49D5-9A20-56656A1A5C87}"
EndProject
Project("{FAE04EC0-301F-11D3-BF4B-00C04F79EFBC}") = "Struct", "Struct\Struct.csproj", "{126263D1-D199-4910-96A2-F9BC3163FFA9}"
EndProject
Project("{FAE04EC0-301F-11D3-BF4B-00C04F79EFBC}") = "AnonymousTypes", "AnonymousTypes\AnonymousTypes.csproj", "{C6131404-9075-4DD7-A911-CAA19A2DDEDD}"
EndProject
Global
	GlobalSection(SolutionConfigurationPlatforms) = preSolution
		Debug|Any CPU = Debug|Any CPU
		Release|Any CPU = Release|Any CPU
	EndGlobalSection
	GlobalSection(ProjectConfigurationPlatforms) = postSolution
		{AC39C9D0-3621-48BA-A617-50FDDF52116D}.Debug|Any CPU.ActiveCfg = Debug|Any CPU
		{AC39C9D0-3621-48BA-A617-50FDDF52116D}.Debug|Any CPU.Build.0 = Debug|Any CPU
		{AC39C9D0-3621-48BA-A617-50FDDF52116D}.Release|Any CPU.ActiveCfg = Release|Any CPU
		{AC39C9D0-3621-48BA-A617-50FDDF52116D}.Release|Any CPU.Build.0 = Release|Any CPU
		{06477905-C72C-4BF6-BA6A-25AAC429E99D}.Debug|Any CPU.ActiveCfg = Debug|Any CPU
		{06477905-C72C-4BF6-BA6A-25AAC429E99D}.Debug|Any CPU.Build.0 = Debug|Any CPU
		{06477905-C72C-4BF6-BA6A-25AAC429E99D}.Release|Any CPU.ActiveCfg = Release|Any CPU
		{06477905-C72C-4BF6-BA6A-25AAC429E99D}.Release|Any CPU.Build.0 = Release|Any CPU
		{2FE5A5C2-7AA9-42BE-8FFD-58AF67219BA5}.Debug|Any CPU.ActiveCfg = Debug|Any CPU
		{2FE5A5C2-7AA9-42BE-8FFD-58AF67219BA5}.Debug|Any CPU.Build.0 = Debug|Any CPU
		{2FE5A5C2-7AA9-42BE-8FFD-58AF67219BA5}.Release|Any CPU.ActiveCfg = Release|Any CPU
		{2FE5A5C2-7AA9-42BE-8FFD-58AF67219BA5}.Release|Any CPU.Build.0 = Release|Any CPU
		{8C5605C3-1AE3-4CCD-A18D-EF463C2F8702}.Debug|Any CPU.ActiveCfg = Debug|Any CPU
		{8C5605C3-1AE3-4CCD-A18D-EF463C2F8702}.Debug|Any CPU.Build.0 = Debug|Any CPU
		{8C5605C3-1AE3-4CCD-A18D-EF463C2F8702}.Release|Any CPU.ActiveCfg = Release|Any CPU
		{8C5605C3-1AE3-4CCD-A18D-EF463C2F8702}.Release|Any CPU.Build.0 = Release|Any CPU
		{22FA7763-2E2D-4889-9027-EF7F7EEC34A4}.Debug|Any CPU.ActiveCfg = Debug|Any CPU
		{22FA7763-2E2D-4889-9027-EF7F7EEC34A4}.Debug|Any CPU.Build.0 = Debug|Any CPU
		{22FA7763-2E2D-4889-9027-EF7F7EEC34A4}.Release|Any CPU.ActiveCfg = Release|Any CPU
		{22FA7763-2E2D-4889-9027-EF7F7EEC34A4}.Release|Any CPU.Build.0 = Release|Any CPU
		{22116E5D-5C3A-4330-8B9F-E4A4B13D6312}.Debug|Any CPU.ActiveCfg = Debug|Any CPU
		{22116E5D-5C3A-4330-8B9F-E4A4B13D6312}.Debug|Any CPU.Build.0 = Debug|Any CPU
		{22116E5D-5C3A-4330-8B9F-E4A4B13D6312}.Release|Any CPU.ActiveCfg = Release|Any CPU
		{22116E5D-5C3A-4330-8B9F-E4A4B13D6312}.Release|Any CPU.Build.0 = Release|Any CPU
		{FE01756B-58E2-4530-B88A-899C3294BB20}.Debug|Any CPU.ActiveCfg = Debug|Any CPU
		{FE01756B-58E2-4530-B88A-899C3294BB20}.Debug|Any CPU.Build.0 = Debug|Any CPU
		{FE01756B-58E2-4530-B88A-899C3294BB20}.Release|Any CPU.ActiveCfg = Release|Any CPU
		{FE01756B-58E2-4530-B88A-899C3294BB20}.Release|Any CPU.Build.0 = Release|Any CPU
		{25B87834-B363-49D5-9A20-56656A1A5C87}.Debug|Any CPU.ActiveCfg = Debug|Any CPU
		{25B87834-B363-49D5-9A20-56656A1A5C87}.Debug|Any CPU.Build.0 = Debug|Any CPU
		{25B87834-B363-49D5-9A20-56656A1A5C87}.Release|Any CPU.ActiveCfg = Release|Any CPU
		{25B87834-B363-49D5-9A20-56656A1A5C87}.Release|Any CPU.Build.0 = Release|Any CPU
		{126263D1-D199-4910-96A2-F9BC3163FFA9}.Debug|Any CPU.ActiveCfg = Debug|Any CPU
		{126263D1-D199-4910-96A2-F9BC3163FFA9}.Debug|Any CPU.Build.0 = Debug|Any CPU
		{126263D1-D199-4910-96A2-F9BC3163FFA9}.Release|Any CPU.ActiveCfg = Release|Any CPU
		{126263D1-D199-4910-96A2-F9BC3163FFA9}.Release|Any CPU.Build.0 = Release|Any CPU
		{C6131404-9075-4DD7-A911-CAA19A2DDEDD}.Debug|Any CPU.ActiveCfg = Debug|Any CPU
		{C6131404-9075-4DD7-A911-CAA19A2DDEDD}.Debug|Any CPU.Build.0 = Debug|Any CPU
		{C6131404-9075-4DD7-A911-CAA19A2DDEDD}.Release|Any CPU.ActiveCfg = Release|Any CPU
		{C6131404-9075-4DD7-A911-CAA19A2DDEDD}.Release|Any CPU.Build.0 = Release|Any CPU
	EndGlobalSection
	GlobalSection(SolutionProperties) = preSolution
		HideSolutionNode = FALSE
	EndGlobalSection
	GlobalSection(ExtensibilityGlobals) = postSolution
		SolutionGuid = {E85E23DB-9E94-4F2D-9F04-3C1479A2B4D7}
	EndGlobalSection
EndGlobal
